
Microsoft Visual Studio Solution File, Format Version 12.00
# Visual Studio 14
VisualStudioVersion = 14.0.25420.1
MinimumVisualStudioVersion = 10.0.40219.1
Project("{FAE04EC0-301F-11D3-BF4B-00C04F79EFBC}") = "Obligatorio", "Obligatorio\Obligatorio.csproj", "{F2AC30F1-1A76-41BC-A15A-46B50C1E570E}"
EndProject
Project("{FAE04EC0-301F-11D3-BF4B-00C04F79EFBC}") = "PicfilLib", "..\picfillib\picfillib\PicfilLib.csproj", "{18F0A8E0-B9E8-4D7C-96C9-2852D1E4BBC7}"
EndProject
Global
	GlobalSection(SolutionConfigurationPlatforms) = preSolution
		Debug|Any CPU = Debug|Any CPU
		Release|Any CPU = Release|Any CPU
	EndGlobalSection
	GlobalSection(ProjectConfigurationPlatforms) = postSolution
		{F2AC30F1-1A76-41BC-A15A-46B50C1E570E}.Debug|Any CPU.ActiveCfg = Debug|Any CPU
		{F2AC30F1-1A76-41BC-A15A-46B50C1E570E}.Debug|Any CPU.Build.0 = Debug|Any CPU
		{F2AC30F1-1A76-41BC-A15A-46B50C1E570E}.Release|Any CPU.ActiveCfg = Release|Any CPU
		{F2AC30F1-1A76-41BC-A15A-46B50C1E570E}.Release|Any CPU.Build.0 = Release|Any CPU
		{18F0A8E0-B9E8-4D7C-96C9-2852D1E4BBC7}.Debug|Any CPU.ActiveCfg = Debug|Any CPU
		{18F0A8E0-B9E8-4D7C-96C9-2852D1E4BBC7}.Debug|Any CPU.Build.0 = Debug|Any CPU
		{18F0A8E0-B9E8-4D7C-96C9-2852D1E4BBC7}.Release|Any CPU.ActiveCfg = Release|Any CPU
		{18F0A8E0-B9E8-4D7C-96C9-2852D1E4BBC7}.Release|Any CPU.Build.0 = Release|Any CPU
	EndGlobalSection
	GlobalSection(SolutionProperties) = preSolution
		HideSolutionNode = FALSE
	EndGlobalSection
EndGlobal
